// !$*UTF8*$!
{
	archiveVersion = 1;
	classes = {
	};
	objectVersion = 46;
	objects = {

/* Begin PBXBuildFile section */
		C9B703401C82C0F000C04210 /* AppDelegate.swift in Sources */ = {isa = PBXBuildFile; fileRef = C9B7033F1C82C0F000C04210 /* AppDelegate.swift */; };
		C9B703421C82C0F000C04210 /* ViewController.swift in Sources */ = {isa = PBXBuildFile; fileRef = C9B703411C82C0F000C04210 /* ViewController.swift */; };
		C9B703451C82C0F000C04210 /* Main.storyboard in Resources */ = {isa = PBXBuildFile; fileRef = C9B703431C82C0F000C04210 /* Main.storyboard */; };
		C9B703471C82C0F000C04210 /* Assets.xcassets in Resources */ = {isa = PBXBuildFile; fileRef = C9B703461C82C0F000C04210 /* Assets.xcassets */; };
		C9B7034A1C82C0F000C04210 /* LaunchScreen.storyboard in Resources */ = {isa = PBXBuildFile; fileRef = C9B703481C82C0F000C04210 /* LaunchScreen.storyboard */; };
		C9B703551C82C0F000C04210 /* LocationGameTests.swift in Sources */ = {isa = PBXBuildFile; fileRef = C9B703541C82C0F000C04210 /* LocationGameTests.swift */; };
		C9B703601C82C0F000C04210 /* LocationGameUITests.swift in Sources */ = {isa = PBXBuildFile; fileRef = C9B7035F1C82C0F000C04210 /* LocationGameUITests.swift */; };
		C9B7036E1C82DA4900C04210 /* default.gpx in Resources */ = {isa = PBXBuildFile; fileRef = C9B7036D1C82DA4900C04210 /* default.gpx */; };
/* End PBXBuildFile section */

/* Begin PBXContainerItemProxy section */
		C9B703511C82C0F000C04210 /* PBXContainerItemProxy */ = {
			isa = PBXContainerItemProxy;
			containerPortal = C9B703341C82C0F000C04210 /* Project object */;
			proxyType = 1;
			remoteGlobalIDString = C9B7033B1C82C0F000C04210;
			remoteInfo = LocationGame;
		};
		C9B7035C1C82C0F000C04210 /* PBXContainerItemProxy */ = {
			isa = PBXContainerItemProxy;
			containerPortal = C9B703341C82C0F000C04210 /* Project object */;
			proxyType = 1;
			remoteGlobalIDString = C9B7033B1C82C0F000C04210;
			remoteInfo = LocationGame;
		};
/* End PBXContainerItemProxy section */

/* Begin PBXFileReference section */
		C9B7033C1C82C0F000C04210 /* LocationGame.app */ = {isa = PBXFileReference; explicitFileType = wrapper.application; includeInIndex = 0; path = LocationGame.app; sourceTree = BUILT_PRODUCTS_DIR; };
		C9B7033F1C82C0F000C04210 /* AppDelegate.swift */ = {isa = PBXFileReference; lastKnownFileType = sourcecode.swift; path = AppDelegate.swift; sourceTree = "<group>"; };
		C9B703411C82C0F000C04210 /* ViewController.swift */ = {isa = PBXFileReference; lastKnownFileType = sourcecode.swift; path = ViewController.swift; sourceTree = "<group>"; };
		C9B703441C82C0F000C04210 /* Base */ = {isa = PBXFileReference; lastKnownFileType = file.storyboard; name = Base; path = Base.lproj/Main.storyboard; sourceTree = "<group>"; };
		C9B703461C82C0F000C04210 /* Assets.xcassets */ = {isa = PBXFileReference; lastKnownFileType = folder.assetcatalog; path = Assets.xcassets; sourceTree = "<group>"; };
		C9B703491C82C0F000C04210 /* Base */ = {isa = PBXFileReference; lastKnownFileType = file.storyboard; name = Base; path = Base.lproj/LaunchScreen.storyboard; sourceTree = "<group>"; };
		C9B7034B1C82C0F000C04210 /* Info.plist */ = {isa = PBXFileReference; lastKnownFileType = text.plist.xml; path = Info.plist; sourceTree = "<group>"; };
		C9B703501C82C0F000C04210 /* LocationGameTests.xctest */ = {isa = PBXFileReference; explicitFileType = wrapper.cfbundle; includeInIndex = 0; path = LocationGameTests.xctest; sourceTree = BUILT_PRODUCTS_DIR; };
		C9B703541C82C0F000C04210 /* LocationGameTests.swift */ = {isa = PBXFileReference; lastKnownFileType = sourcecode.swift; path = LocationGameTests.swift; sourceTree = "<group>"; };
		C9B703561C82C0F000C04210 /* Info.plist */ = {isa = PBXFileReference; lastKnownFileType = text.plist.xml; path = Info.plist; sourceTree = "<group>"; };
		C9B7035B1C82C0F000C04210 /* LocationGameUITests.xctest */ = {isa = PBXFileReference; explicitFileType = wrapper.cfbundle; includeInIndex = 0; path = LocationGameUITests.xctest; sourceTree = BUILT_PRODUCTS_DIR; };
		C9B7035F1C82C0F000C04210 /* LocationGameUITests.swift */ = {isa = PBXFileReference; lastKnownFileType = sourcecode.swift; path = LocationGameUITests.swift; sourceTree = "<group>"; };
		C9B703611C82C0F100C04210 /* Info.plist */ = {isa = PBXFileReference; lastKnownFileType = text.plist.xml; path = Info.plist; sourceTree = "<group>"; };
		C9B7036D1C82DA4900C04210 /* default.gpx */ = {isa = PBXFileReference; fileEncoding = 4; lastKnownFileType = text.xml; name = default.gpx; path = ../../../Downloads/default.gpx; sourceTree = "<group>"; };
/* End PBXFileReference section */

/* Begin PBXFrameworksBuildPhase section */
		C9B703391C82C0F000C04210 /* Frameworks */ = {
			isa = PBXFrameworksBuildPhase;
			buildActionMask = 2147483647;
			files = (
			);
			runOnlyForDeploymentPostprocessing = 0;
		};
		C9B7034D1C82C0F000C04210 /* Frameworks */ = {
			isa = PBXFrameworksBuildPhase;
			buildActionMask = 2147483647;
			files = (
			);
			runOnlyForDeploymentPostprocessing = 0;
		};
		C9B703581C82C0F000C04210 /* Frameworks */ = {
			isa = PBXFrameworksBuildPhase;
			buildActionMask = 2147483647;
			files = (
			);
			runOnlyForDeploymentPostprocessing = 0;
		};
/* End PBXFrameworksBuildPhase section */

/* Begin PBXGroup section */
		C9B703331C82C0F000C04210 = {
			isa = PBXGroup;
			children = (
				C9B7036D1C82DA4900C04210 /* default.gpx */,
				C9B7033E1C82C0F000C04210 /* LocationGame */,
				C9B703531C82C0F000C04210 /* LocationGameTests */,
				C9B7035E1C82C0F000C04210 /* LocationGameUITests */,
				C9B7033D1C82C0F000C04210 /* Products */,
			);
			sourceTree = "<group>";
		};
		C9B7033D1C82C0F000C04210 /* Products */ = {
			isa = PBXGroup;
			children = (
				C9B7033C1C82C0F000C04210 /* LocationGame.app */,
				C9B703501C82C0F000C04210 /* LocationGameTests.xctest */,
				C9B7035B1C82C0F000C04210 /* LocationGameUITests.xctest */,
			);
			name = Products;
			sourceTree = "<group>";
		};
		C9B7033E1C82C0F000C04210 /* LocationGame */ = {
			isa = PBXGroup;
			children = (
				C9B7033F1C82C0F000C04210 /* AppDelegate.swift */,
				C9B703411C82C0F000C04210 /* ViewController.swift */,
				C9B703431C82C0F000C04210 /* Main.storyboard */,
				C9B703461C82C0F000C04210 /* Assets.xcassets */,
				C9B703481C82C0F000C04210 /* LaunchScreen.storyboard */,
				C9B7034B1C82C0F000C04210 /* Info.plist */,
			);
			path = LocationGame;
			sourceTree = "<group>";
		};
		C9B703531C82C0F000C04210 /* LocationGameTests */ = {
			isa = PBXGroup;
			children = (
				C9B703541C82C0F000C04210 /* LocationGameTests.swift */,
				C9B703561C82C0F000C04210 /* Info.plist */,
			);
			path = LocationGameTests;
			sourceTree = "<group>";
		};
		C9B7035E1C82C0F000C04210 /* LocationGameUITests */ = {
			isa = PBXGroup;
			children = (
				C9B7035F1C82C0F000C04210 /* LocationGameUITests.swift */,
				C9B703611C82C0F100C04210 /* Info.plist */,
			);
			path = LocationGameUITests;
			sourceTree = "<group>";
		};
/* End PBXGroup section */

/* Begin PBXNativeTarget section */
		C9B7033B1C82C0F000C04210 /* LocationGame */ = {
			isa = PBXNativeTarget;
			buildConfigurationList = C9B703641C82C0F100C04210 /* Build configuration list for PBXNativeTarget "LocationGame" */;
			buildPhases = (
				C9B703381C82C0F000C04210 /* Sources */,
				C9B703391C82C0F000C04210 /* Frameworks */,
				C9B7033A1C82C0F000C04210 /* Resources */,
			);
			buildRules = (
			);
			dependencies = (
			);
			name = LocationGame;
			productName = LocationGame;
			productReference = C9B7033C1C82C0F000C04210 /* LocationGame.app */;
			productType = "com.apple.product-type.application";
		};
		C9B7034F1C82C0F000C04210 /* LocationGameTests */ = {
			isa = PBXNativeTarget;
			buildConfigurationList = C9B703671C82C0F100C04210 /* Build configuration list for PBXNativeTarget "LocationGameTests" */;
			buildPhases = (
				C9B7034C1C82C0F000C04210 /* Sources */,
				C9B7034D1C82C0F000C04210 /* Frameworks */,
				C9B7034E1C82C0F000C04210 /* Resources */,
			);
			buildRules = (
			);
			dependencies = (
				C9B703521C82C0F000C04210 /* PBXTargetDependency */,
			);
			name = LocationGameTests;
			productName = LocationGameTests;
			productReference = C9B703501C82C0F000C04210 /* LocationGameTests.xctest */;
			productType = "com.apple.product-type.bundle.unit-test";
		};
		C9B7035A1C82C0F000C04210 /* LocationGameUITests */ = {
			isa = PBXNativeTarget;
			buildConfigurationList = C9B7036A1C82C0F100C04210 /* Build configuration list for PBXNativeTarget "LocationGameUITests" */;
			buildPhases = (
				C9B703571C82C0F000C04210 /* Sources */,
				C9B703581C82C0F000C04210 /* Frameworks */,
				C9B703591C82C0F000C04210 /* Resources */,
			);
			buildRules = (
			);
			dependencies = (
				C9B7035D1C82C0F000C04210 /* PBXTargetDependency */,
			);
			name = LocationGameUITests;
			productName = LocationGameUITests;
			productReference = C9B7035B1C82C0F000C04210 /* LocationGameUITests.xctest */;
			productType = "com.apple.product-type.bundle.ui-testing";
		};
/* End PBXNativeTarget section */

/* Begin PBXProject section */
		C9B703341C82C0F000C04210 /* Project object */ = {
			isa = PBXProject;
			attributes = {
				LastSwiftUpdateCheck = 0720;
				LastUpgradeCheck = 0720;
				ORGANIZATIONNAME = "Sydney Richardson";
				TargetAttributes = {
					C9B7033B1C82C0F000C04210 = {
						CreatedOnToolsVersion = 7.2.1;
						DevelopmentTeam = JFHJLE7UR4;
					};
					C9B7034F1C82C0F000C04210 = {
						CreatedOnToolsVersion = 7.2.1;
						TestTargetID = C9B7033B1C82C0F000C04210;
					};
					C9B7035A1C82C0F000C04210 = {
						CreatedOnToolsVersion = 7.2.1;
						TestTargetID = C9B7033B1C82C0F000C04210;
					};
				};
			};
			buildConfigurationList = C9B703371C82C0F000C04210 /* Build configuration list for PBXProject "LocationGame" */;
			compatibilityVersion = "Xcode 3.2";
			developmentRegion = English;
			hasScannedForEncodings = 0;
			knownRegions = (
				en,
				Base,
			);
			mainGroup = C9B703331C82C0F000C04210;
			productRefGroup = C9B7033D1C82C0F000C04210 /* Products */;
			projectDirPath = "";
			projectRoot = "";
			targets = (
				C9B7033B1C82C0F000C04210 /* LocationGame */,
				C9B7034F1C82C0F000C04210 /* LocationGameTests */,
				C9B7035A1C82C0F000C04210 /* LocationGameUITests */,
			);
		};
/* End PBXProject section */

/* Begin PBXResourcesBuildPhase section */
		C9B7033A1C82C0F000C04210 /* Resources */ = {
			isa = PBXResourcesBuildPhase;
			buildActionMask = 2147483647;
			files = (
				C9B7034A1C82C0F000C04210 /* LaunchScreen.storyboard in Resources */,
				C9B7036E1C82DA4900C04210 /* default.gpx in Resources */,
				C9B703471C82C0F000C04210 /* Assets.xcassets in Resources */,
				C9B703451C82C0F000C04210 /* Main.storyboard in Resources */,
			);
			runOnlyForDeploymentPostprocessing = 0;
		};
		C9B7034E1C82C0F000C04210 /* Resources */ = {
			isa = PBXResourcesBuildPhase;
			buildActionMask = 2147483647;
			files = (
			);
			runOnlyForDeploymentPostprocessing = 0;
		};
		C9B703591C82C0F000C04210 /* Resources */ = {
			isa = PBXResourcesBuildPhase;
			buildActionMask = 2147483647;
			files = (
			);
			runOnlyForDeploymentPostprocessing = 0;
		};
/* End PBXResourcesBuildPhase section */

/* Begin PBXSourcesBuildPhase section */
		C9B703381C82C0F000C04210 /* Sources */ = {
			isa = PBXSourcesBuildPhase;
			buildActionMask = 2147483647;
			files = (
				C9B703421C82C0F000C04210 /* ViewController.swift in Sources */,
				C9B703401C82C0F000C04210 /* AppDelegate.swift in Sources */,
			);
			runOnlyForDeploymentPostprocessing = 0;
		};
		C9B7034C1C82C0F000C04210 /* Sources */ = {
			isa = PBXSourcesBuildPhase;
			buildActionMask = 2147483647;
			files = (
				C9B703551C82C0F000C04210 /* LocationGameTests.swift in Sources */,
			);
			runOnlyForDeploymentPostprocessing = 0;
		};
		C9B703571C82C0F000C04210 /* Sources */ = {
			isa = PBXSourcesBuildPhase;
			buildActionMask = 2147483647;
			files = (
				C9B703601C82C0F000C04210 /* LocationGameUITests.swift in Sources */,
			);
			runOnlyForDeploymentPostprocessing = 0;
		};
/* End PBXSourcesBuildPhase section */

/* Begin PBXTargetDependency section */
		C9B703521C82C0F000C04210 /* PBXTargetDependency */ = {
			isa = PBXTargetDependency;
			target = C9B7033B1C82C0F000C04210 /* LocationGame */;
			targetProxy = C9B703511C82C0F000C04210 /* PBXContainerItemProxy */;
		};
		C9B7035D1C82C0F000C04210 /* PBXTargetDependency */ = {
			isa = PBXTargetDependency;
			target = C9B7033B1C82C0F000C04210 /* LocationGame */;
			targetProxy = C9B7035C1C82C0F000C04210 /* PBXContainerItemProxy */;
		};
/* End PBXTargetDependency section */

/* Begin PBXVariantGroup section */
		C9B703431C82C0F000C04210 /* Main.storyboard */ = {
			isa = PBXVariantGroup;
			children = (
				C9B703441C82C0F000C04210 /* Base */,
			);
			name = Main.storyboard;
			sourceTree = "<group>";
		};
		C9B703481C82C0F000C04210 /* LaunchScreen.storyboard */ = {
			isa = PBXVariantGroup;
			children = (
				C9B703491C82C0F000C04210 /* Base */,
			);
			name = LaunchScreen.storyboard;
			sourceTree = "<group>";
		};
/* End PBXVariantGroup section */

/* Begin XCBuildConfiguration section */
		C9B703621C82C0F100C04210 /* Debug */ = {
			isa = XCBuildConfiguration;
			buildSettings = {
				ALWAYS_SEARCH_USER_PATHS = NO;
				CLANG_CXX_LANGUAGE_STANDARD = "gnu++0x";
				CLANG_CXX_LIBRARY = "libc++";
				CLANG_ENABLE_MODULES = YES;
				CLANG_ENABLE_OBJC_ARC = YES;
				CLANG_WARN_BOOL_CONVERSION = YES;
				CLANG_WARN_CONSTANT_CONVERSION = YES;
				CLANG_WARN_DIRECT_OBJC_ISA_USAGE = YES_ERROR;
				CLANG_WARN_EMPTY_BODY = YES;
				CLANG_WARN_ENUM_CONVERSION = YES;
				CLANG_WARN_INT_CONVERSION = YES;
				CLANG_WARN_OBJC_ROOT_CLASS = YES_ERROR;
				CLANG_WARN_UNREACHABLE_CODE = YES;
				CLANG_WARN__DUPLICATE_METHOD_MATCH = YES;
				"CODE_SIGN_IDENTITY[sdk=iphoneos*]" = "iPhone Developer";
				COPY_PHASE_STRIP = NO;
				DEBUG_INFORMATION_FORMAT = dwarf;
				ENABLE_STRICT_OBJC_MSGSEND = YES;
				ENABLE_TESTABILITY = YES;
				GCC_C_LANGUAGE_STANDARD = gnu99;
				GCC_DYNAMIC_NO_PIC = NO;
				GCC_NO_COMMON_BLOCKS = YES;
				GCC_OPTIMIZATION_LEVEL = 0;
				GCC_PREPROCESSOR_DEFINITIONS = (
					"DEBUG=1",
					"$(inherited)",
				);
				GCC_WARN_64_TO_32_BIT_CONVERSION = YES;
				GCC_WARN_ABOUT_RETURN_TYPE = YES_ERROR;
				GCC_WARN_UNDECLARED_SELECTOR = YES;
				GCC_WARN_UNINITIALIZED_AUTOS = YES_AGGRESSIVE;
				GCC_WARN_UNUSED_FUNCTION = YES;
				GCC_WARN_UNUSED_VARIABLE = YES;
				IPHONEOS_DEPLOYMENT_TARGET = 9.2;
				MTL_ENABLE_DEBUG_INFO = YES;
				ONLY_ACTIVE_ARCH = YES;
				SDKROOT = iphoneos;
				SWIFT_OPTIMIZATION_LEVEL = "-Onone";
			};
			name = Debug;
		};
		C9B703631C82C0F100C04210 /* Release */ = {
			isa = XCBuildConfiguration;
			buildSettings = {
				ALWAYS_SEARCH_USER_PATHS = NO;
				CLANG_CXX_LANGUAGE_STANDARD = "gnu++0x";
				CLANG_CXX_LIBRARY = "libc++";
				CLANG_ENABLE_MODULES = YES;
				CLANG_ENABLE_OBJC_ARC = YES;
				CLANG_WARN_BOOL_CONVERSION = YES;
				CLANG_WARN_CONSTANT_CONVERSION = YES;
				CLANG_WARN_DIRECT_OBJC_ISA_USAGE = YES_ERROR;
				CLANG_WARN_EMPTY_BODY = YES;
				CLANG_WARN_ENUM_CONVERSION = YES;
				CLANG_WARN_INT_CONVERSION = YES;
				CLANG_WARN_OBJC_ROOT_CLASS = YES_ERROR;
				CLANG_WARN_UNREACHABLE_CODE = YES;
				CLANG_WARN__DUPLICATE_METHOD_MATCH = YES;
				"CODE_SIGN_IDENTITY[sdk=iphoneos*]" = "iPhone Developer";
				COPY_PHASE_STRIP = NO;
				DEBUG_INFORMATION_FORMAT = "dwarf-with-dsym";
				ENABLE_NS_ASSERTIONS = NO;
				ENABLE_STRICT_OBJC_MSGSEND = YES;
				GCC_C_LANGUAGE_STANDARD = gnu99;
				GCC_NO_COMMON_BLOCKS = YES;
				GCC_WARN_64_TO_32_BIT_CONVERSION = YES;
				GCC_WARN_ABOUT_RETURN_TYPE = YES_ERROR;
				GCC_WARN_UNDECLARED_SELECTOR = YES;
				GCC_WARN_UNINITIALIZED_AUTOS = YES_AGGRESSIVE;
				GCC_WARN_UNUSED_FUNCTION = YES;
				GCC_WARN_UNUSED_VARIABLE = YES;
				IPHONEOS_DEPLOYMENT_TARGET = 9.2;
				MTL_ENABLE_DEBUG_INFO = NO;
				SDKROOT = iphoneos;
				VALIDATE_PRODUCT = YES;
			};
			name = Release;
		};
		C9B703651C82C0F100C04210 /* Debug */ = {
			isa = XCBuildConfiguration;
			buildSettings = {
				ASSETCATALOG_COMPILER_APPICON_NAME = AppIcon;
				CODE_SIGN_IDENTITY = "iPhone Developer";
				INFOPLIST_FILE = LocationGame/Info.plist;
				LD_RUNPATH_SEARCH_PATHS = "$(inherited) @executable_path/Frameworks";
				PRODUCT_BUNDLE_IDENTIFIER = me.sydneyrichardson.LocationGame;
				PRODUCT_NAME = "$(TARGET_NAME)";
			};
			name = Debug;
		};
		C9B703661C82C0F100C04210 /* Release */ = {
			isa = XCBuildConfiguration;
			buildSettings = {
				ASSETCATALOG_COMPILER_APPICON_NAME = AppIcon;
				CODE_SIGN_IDENTITY = "iPhone Developer";
				INFOPLIST_FILE = LocationGame/Info.plist;
				LD_RUNPATH_SEARCH_PATHS = "$(inherited) @executable_path/Frameworks";
				PRODUCT_BUNDLE_IDENTIFIER = me.sydneyrichardson.LocationGame;
				PRODUCT_NAME = "$(TARGET_NAME)";
			};
			name = Release;
		};
		C9B703681C82C0F100C04210 /* Debug */ = {
			isa = XCBuildConfiguration;
			buildSettings = {
				BUNDLE_LOADER = "$(TEST_HOST)";
				INFOPLIST_FILE = LocationGameTests/Info.plist;
				LD_RUNPATH_SEARCH_PATHS = "$(inherited) @executable_path/Frameworks @loader_path/Frameworks";
				PRODUCT_BUNDLE_IDENTIFIER = me.sydneyrichardson.LocationGameTests;
				PRODUCT_NAME = "$(TARGET_NAME)";
				TEST_HOST = "$(BUILT_PRODUCTS_DIR)/LocationGame.app/LocationGame";
			};
			name = Debug;
		};
		C9B703691C82C0F100C04210 /* Release */ = {
			isa = XCBuildConfiguration;
			buildSettings = {
				BUNDLE_LOADER = "$(TEST_HOST)";
				INFOPLIST_FILE = LocationGameTests/Info.plist;
				LD_RUNPATH_SEARCH_PATHS = "$(inherited) @executable_path/Frameworks @loader_path/Frameworks";
				PRODUCT_BUNDLE_IDENTIFIER = me.sydneyrichardson.LocationGameTests;
				PRODUCT_NAME = "$(TARGET_NAME)";
				TEST_HOST = "$(BUILT_PRODUCTS_DIR)/LocationGame.app/LocationGame";
			};
			name = Release;
		};
		C9B7036B1C82C0F100C04210 /* Debug */ = {
			isa = XCBuildConfiguration;
			buildSettings = {
				INFOPLIST_FILE = LocationGameUITests/Info.plist;
				LD_RUNPATH_SEARCH_PATHS = "$(inherited) @executable_path/Frameworks @loader_path/Frameworks";
				PRODUCT_BUNDLE_IDENTIFIER = me.sydneyrichardson.LocationGameUITests;
				PRODUCT_NAME = "$(TARGET_NAME)";
				TEST_TARGET_NAME = LocationGame;
				USES_XCTRUNNER = YES;
			};
			name = Debug;
		};
		C9B7036C1C82C0F100C04210 /* Release */ = {
			isa = XCBuildConfiguration;
			buildSettings = {
				INFOPLIST_FILE = LocationGameUITests/Info.plist;
				LD_RUNPATH_SEARCH_PATHS = "$(inherited) @executable_path/Frameworks @loader_path/Frameworks";
				PRODUCT_BUNDLE_IDENTIFIER = me.sydneyrichardson.LocationGameUITests;
				PRODUCT_NAME = "$(TARGET_NAME)";
				TEST_TARGET_NAME = LocationGame;
				USES_XCTRUNNER = YES;
			};
			name = Release;
		};
/* End XCBuildConfiguration section */

/* Begin XCConfigurationList section */
		C9B703371C82C0F000C04210 /* Build configuration list for PBXProject "LocationGame" */ = {
			isa = XCConfigurationList;
			buildConfigurations = (
				C9B703621C82C0F100C04210 /* Debug */,
				C9B703631C82C0F100C04210 /* Release */,
			);
			defaultConfigurationIsVisible = 0;
			defaultConfigurationName = Release;
		};
		C9B703641C82C0F100C04210 /* Build configuration list for PBXNativeTarget "LocationGame" */ = {
			isa = XCConfigurationList;
			buildConfigurations = (
				C9B703651C82C0F100C04210 /* Debug */,
				C9B703661C82C0F100C04210 /* Release */,
			);
			defaultConfigurationIsVisible = 0;
		};
		C9B703671C82C0F100C04210 /* Build configuration list for PBXNativeTarget "LocationGameTests" */ = {
			isa = XCConfigurationList;
			buildConfigurations = (
				C9B703681C82C0F100C04210 /* Debug */,
				C9B703691C82C0F100C04210 /* Release */,
			);
			defaultConfigurationIsVisible = 0;
		};
		C9B7036A1C82C0F100C04210 /* Build configuration list for PBXNativeTarget "LocationGameUITests" */ = {
			isa = XCConfigurationList;
			buildConfigurations = (
				C9B7036B1C82C0F100C04210 /* Debug */,
				C9B7036C1C82C0F100C04210 /* Release */,
			);
			defaultConfigurationIsVisible = 0;
		};
/* End XCConfigurationList section */
	};
	rootObject = C9B703341C82C0F000C04210 /* Project object */;
}
